<Solution>
  <Folder Name="/src/">
    <Project Path="src/Moyai.Application/Moyai.Application.csproj" />
    <Project Path="src/Moyai.Cli/Moyai.Cli.csproj" />
    <Project Path="src/Moyai.Domain/Moyai.Domain.csproj" />
    <Project Path="src/Moyai.Infrastructure/Moyai.Infrastructure.csproj" />
    <Project Path="src/Moyai.Mcp/Moyai.Mcp.csproj" />
  </Folder>
  <Folder Name="/tests/">
    <Project Path="tests/Moyai.Domain.Tests/Moyai.Domain.Tests.csproj" />
    <Project Path="tests/Moyai.Infrastructure.Tests/Moyai.Infrastructure.Tests.csproj" />
  </Folder>
</Solution>
